
Microsoft Visual Studio Solution File, Format Version 12.00
# Visual Studio 15
VisualStudioVersion = 15.0.27703.2018
MinimumVisualStudioVersion = 10.0.40219.1
Project("{FAE04EC0-301F-11D3-BF4B-00C04F79EFBC}") = "Netflipster", "..\Netflipster\Netflipster.csproj", "{4CAF137B-2F70-4DBC-BBF6-3AF284A3B49F}"
EndProject
Project("{FAE04EC0-301F-11D3-BF4B-00C04F79EFBC}") = "Netflipster.tests", "Netflipster.tests.csproj", "{CAF7C223-5B81-4C8A-942F-901120B70B18}"
EndProject
Global
	GlobalSection(SolutionConfigurationPlatforms) = preSolution
		Debug|Any CPU = Debug|Any CPU
		Release|Any CPU = Release|Any CPU
	EndGlobalSection
	GlobalSection(ProjectConfigurationPlatforms) = postSolution
		{4CAF137B-2F70-4DBC-BBF6-3AF284A3B49F}.Debug|Any CPU.ActiveCfg = Debug|Any CPU
		{4CAF137B-2F70-4DBC-BBF6-3AF284A3B49F}.Debug|Any CPU.Build.0 = Debug|Any CPU
		{4CAF137B-2F70-4DBC-BBF6-3AF284A3B49F}.Release|Any CPU.ActiveCfg = Release|Any CPU
		{4CAF137B-2F70-4DBC-BBF6-3AF284A3B49F}.Release|Any CPU.Build.0 = Release|Any CPU
		{CAF7C223-5B81-4C8A-942F-901120B70B18}.Debug|Any CPU.ActiveCfg = Debug|Any CPU
		{CAF7C223-5B81-4C8A-942F-901120B70B18}.Debug|Any CPU.Build.0 = Debug|Any CPU
		{CAF7C223-5B81-4C8A-942F-901120B70B18}.Release|Any CPU.ActiveCfg = Release|Any CPU
		{CAF7C223-5B81-4C8A-942F-901120B70B18}.Release|Any CPU.Build.0 = Release|Any CPU
	EndGlobalSection
	GlobalSection(SolutionProperties) = preSolution
		HideSolutionNode = FALSE
	EndGlobalSection
	GlobalSection(ExtensibilityGlobals) = postSolution
		SolutionGuid = {D4D729D7-CEC5-41AB-9C5D-FD7A7831B4ED}
	EndGlobalSection
EndGlobal
